
Microsoft Visual Studio Solution File, Format Version 12.00
# Visual Studio Version 17
VisualStudioVersion = 17.5.2.0
MinimumVisualStudioVersion = 10.0.40219.1
Project("{FAE04EC0-301F-11D3-BF4B-00C04F79EFBC}") = "HouseFinances.Domain", "apps\backend\HouseFinances.Domain\HouseFinances.Domain.csproj", "{41E167C3-F997-41C7-B695-BD3A0468D285}"
EndProject
Project("{FAE04EC0-301F-11D3-BF4B-00C04F79EFBC}") = "HouseFinances.Application", "apps\backend\HouseFinances.Application\HouseFinances.Application.csproj", "{4F071583-E4F5-4431-90D0-B84C9FFCA13C}"
EndProject
Project("{FAE04EC0-301F-11D3-BF4B-00C04F79EFBC}") = "HouseFinances.Infrastructure", "apps\backend\HouseFinances.Infrastructure\HouseFinances.Infrastructure.csproj", "{D1F0B03D-B8D3-4099-9E64-56FA19133123}"
EndProject
Project("{FAE04EC0-301F-11D3-BF4B-00C04F79EFBC}") = "HouseFinances.Api", "apps\backend\HouseFinances.Api\HouseFinances.Api.csproj", "{6B7D1F84-5225-40CB-8D12-187A3501FE80}"
EndProject
Global
	GlobalSection(SolutionConfigurationPlatforms) = preSolution
		Debug|Any CPU = Debug|Any CPU
		Release|Any CPU = Release|Any CPU
	EndGlobalSection
	GlobalSection(ProjectConfigurationPlatforms) = postSolution
		{41E167C3-F997-41C7-B695-BD3A0468D285}.Debug|Any CPU.ActiveCfg = Debug|Any CPU
		{41E167C3-F997-41C7-B695-BD3A0468D285}.Debug|Any CPU.Build.0 = Debug|Any CPU
		{41E167C3-F997-41C7-B695-BD3A0468D285}.Release|Any CPU.ActiveCfg = Release|Any CPU
		{41E167C3-F997-41C7-B695-BD3A0468D285}.Release|Any CPU.Build.0 = Release|Any CPU
		{4F071583-E4F5-4431-90D0-B84C9FFCA13C}.Debug|Any CPU.ActiveCfg = Debug|Any CPU
		{4F071583-E4F5-4431-90D0-B84C9FFCA13C}.Debug|Any CPU.Build.0 = Debug|Any CPU
		{4F071583-E4F5-4431-90D0-B84C9FFCA13C}.Release|Any CPU.ActiveCfg = Release|Any CPU
		{4F071583-E4F5-4431-90D0-B84C9FFCA13C}.Release|Any CPU.Build.0 = Release|Any CPU
		{D1F0B03D-B8D3-4099-9E64-56FA19133123}.Debug|Any CPU.ActiveCfg = Debug|Any CPU
		{D1F0B03D-B8D3-4099-9E64-56FA19133123}.Debug|Any CPU.Build.0 = Debug|Any CPU
		{D1F0B03D-B8D3-4099-9E64-56FA19133123}.Release|Any CPU.ActiveCfg = Release|Any CPU
		{D1F0B03D-B8D3-4099-9E64-56FA19133123}.Release|Any CPU.Build.0 = Release|Any CPU
		{6B7D1F84-5225-40CB-8D12-187A3501FE80}.Debug|Any CPU.ActiveCfg = Debug|Any CPU
		{6B7D1F84-5225-40CB-8D12-187A3501FE80}.Debug|Any CPU.Build.0 = Debug|Any CPU
		{6B7D1F84-5225-40CB-8D12-187A3501FE80}.Release|Any CPU.ActiveCfg = Release|Any CPU
		{6B7D1F84-5225-40CB-8D12-187A3501FE80}.Release|Any CPU.Build.0 = Release|Any CPU
	EndGlobalSection
	GlobalSection(SolutionProperties) = preSolution
		HideSolutionNode = FALSE
	EndGlobalSection
	GlobalSection(ExtensibilityGlobals) = postSolution
		SolutionGuid = {3640770B-8F97-4BC4-B09B-5DF7A178AACD}
	EndGlobalSection
EndGlobal
